
Microsoft Visual Studio Solution File, Format Version 12.00
# Visual Studio 15
VisualStudioVersion = 15.0.28307.271
MinimumVisualStudioVersion = 10.0.40219.1
Project("{8BC9CEB8-8B4A-11D0-8D11-00A0C91BC942}") = "MoteurPhysique", "MoteurPhysique\MoteurPhysique.vcxproj", "{48423628-B9E3-475E-ABCB-C025BFEBEFC1}"
EndProject
Project("{8BC9CEB8-8B4A-11D0-8D11-00A0C91BC942}") = "UnitTest1", "UnitTest1\UnitTest1.vcxproj", "{D21D2B35-5ED5-4051-837A-A40BC2649772}"
EndProject
Global
	GlobalSection(SolutionConfigurationPlatforms) = preSolution
		Debug|x64 = Debug|x64
		Debug|x86 = Debug|x86
		Release|x64 = Release|x64
		Release|x86 = Release|x86
	EndGlobalSection
	GlobalSection(ProjectConfigurationPlatforms) = postSolution
		{48423628-B9E3-475E-ABCB-C025BFEBEFC1}.Debug|x64.ActiveCfg = Debug|x64
		{48423628-B9E3-475E-ABCB-C025BFEBEFC1}.Debug|x64.Build.0 = Debug|x64
		{48423628-B9E3-475E-ABCB-C025BFEBEFC1}.Debug|x86.ActiveCfg = Debug|Win32
		{48423628-B9E3-475E-ABCB-C025BFEBEFC1}.Debug|x86.Build.0 = Debug|Win32
		{48423628-B9E3-475E-ABCB-C025BFEBEFC1}.Release|x64.ActiveCfg = Release|x64
		{48423628-B9E3-475E-ABCB-C025BFEBEFC1}.Release|x64.Build.0 = Release|x64
		{48423628-B9E3-475E-ABCB-C025BFEBEFC1}.Release|x86.ActiveCfg = Release|Win32
		{48423628-B9E3-475E-ABCB-C025BFEBEFC1}.Release|x86.Build.0 = Release|Win32
		{D21D2B35-5ED5-4051-837A-A40BC2649772}.Debug|x64.ActiveCfg = Debug|x64
		{D21D2B35-5ED5-4051-837A-A40BC2649772}.Debug|x64.Build.0 = Debug|x64
		{D21D2B35-5ED5-4051-837A-A40BC2649772}.Debug|x86.ActiveCfg = Debug|Win32
		{D21D2B35-5ED5-4051-837A-A40BC2649772}.Debug|x86.Build.0 = Debug|Win32
		{D21D2B35-5ED5-4051-837A-A40BC2649772}.Release|x64.ActiveCfg = Release|x64
		{D21D2B35-5ED5-4051-837A-A40BC2649772}.Release|x64.Build.0 = Release|x64
		{D21D2B35-5ED5-4051-837A-A40BC2649772}.Release|x86.ActiveCfg = Release|Win32
		{D21D2B35-5ED5-4051-837A-A40BC2649772}.Release|x86.Build.0 = Release|Win32
	EndGlobalSection
	GlobalSection(SolutionProperties) = preSolution
		HideSolutionNode = FALSE
	EndGlobalSection
	GlobalSection(ExtensibilityGlobals) = postSolution
		SolutionGuid = {B578F126-B6E7-4E3A-904F-091DB8148AAA}
	EndGlobalSection
EndGlobal
